
Microsoft Visual Studio Solution File, Format Version 12.00
# Visual Studio Version 17
VisualStudioVersion = 17.0.31903.59
MinimumVisualStudioVersion = 10.0.40219.1
Project("{FAE04EC0-301F-11D3-BF4B-00C04F79EFBC}") = "MapUpgrader", "MapUpgrader.csproj", "{EECB6178-6270-4FCD-99ED-10CC37297E15}"
EndProject
Project("{FAE04EC0-301F-11D3-BF4B-00C04F79EFBC}") = "Mikk.Logger", "..\..\external\MikkNET\Mikk.Logger\Mikk.Logger.csproj", "{258CC456-EF6D-43C5-9D05-36C0898F3E40}"
EndProject
Global
	GlobalSection(SolutionConfigurationPlatforms) = preSolution
		Debug|Any CPU = Debug|Any CPU
		Debug|x64 = Debug|x64
		Debug|x86 = Debug|x86
		Release|Any CPU = Release|Any CPU
		Release|x64 = Release|x64
		Release|x86 = Release|x86
	EndGlobalSection
	GlobalSection(ProjectConfigurationPlatforms) = postSolution
		{EECB6178-6270-4FCD-99ED-10CC37297E15}.Debug|Any CPU.ActiveCfg = Debug|Any CPU
		{EECB6178-6270-4FCD-99ED-10CC37297E15}.Debug|Any CPU.Build.0 = Debug|Any CPU
		{EECB6178-6270-4FCD-99ED-10CC37297E15}.Debug|x64.ActiveCfg = Debug|Any CPU
		{EECB6178-6270-4FCD-99ED-10CC37297E15}.Debug|x64.Build.0 = Debug|Any CPU
		{EECB6178-6270-4FCD-99ED-10CC37297E15}.Debug|x86.ActiveCfg = Debug|Any CPU
		{EECB6178-6270-4FCD-99ED-10CC37297E15}.Debug|x86.Build.0 = Debug|Any CPU
		{EECB6178-6270-4FCD-99ED-10CC37297E15}.Release|Any CPU.ActiveCfg = Release|Any CPU
		{EECB6178-6270-4FCD-99ED-10CC37297E15}.Release|Any CPU.Build.0 = Release|Any CPU
		{EECB6178-6270-4FCD-99ED-10CC37297E15}.Release|x64.ActiveCfg = Release|Any CPU
		{EECB6178-6270-4FCD-99ED-10CC37297E15}.Release|x64.Build.0 = Release|Any CPU
		{EECB6178-6270-4FCD-99ED-10CC37297E15}.Release|x86.ActiveCfg = Release|Any CPU
		{EECB6178-6270-4FCD-99ED-10CC37297E15}.Release|x86.Build.0 = Release|Any CPU
		{258CC456-EF6D-43C5-9D05-36C0898F3E40}.Debug|Any CPU.ActiveCfg = Debug|Any CPU
		{258CC456-EF6D-43C5-9D05-36C0898F3E40}.Debug|Any CPU.Build.0 = Debug|Any CPU
		{258CC456-EF6D-43C5-9D05-36C0898F3E40}.Debug|x64.ActiveCfg = Debug|Any CPU
		{258CC456-EF6D-43C5-9D05-36C0898F3E40}.Debug|x64.Build.0 = Debug|Any CPU
		{258CC456-EF6D-43C5-9D05-36C0898F3E40}.Debug|x86.ActiveCfg = Debug|Any CPU
		{258CC456-EF6D-43C5-9D05-36C0898F3E40}.Debug|x86.Build.0 = Debug|Any CPU
		{258CC456-EF6D-43C5-9D05-36C0898F3E40}.Release|Any CPU.ActiveCfg = Release|Any CPU
		{258CC456-EF6D-43C5-9D05-36C0898F3E40}.Release|Any CPU.Build.0 = Release|Any CPU
		{258CC456-EF6D-43C5-9D05-36C0898F3E40}.Release|x64.ActiveCfg = Release|Any CPU
		{258CC456-EF6D-43C5-9D05-36C0898F3E40}.Release|x64.Build.0 = Release|Any CPU
		{258CC456-EF6D-43C5-9D05-36C0898F3E40}.Release|x86.ActiveCfg = Release|Any CPU
		{258CC456-EF6D-43C5-9D05-36C0898F3E40}.Release|x86.Build.0 = Release|Any CPU
	EndGlobalSection
	GlobalSection(SolutionProperties) = preSolution
		HideSolutionNode = FALSE
	EndGlobalSection
EndGlobal
