
Microsoft Visual Studio Solution File, Format Version 12.00
# Visual Studio Version 17
VisualStudioVersion = 17.0.31903.59
MinimumVisualStudioVersion = 10.0.40219.1
Project("{FAE04EC0-301F-11D3-BF4B-00C04F79EFBC}") = "Bot", "Bot.csproj", "{9362E88F-66C0-4840-969D-8316A696FF08}"
EndProject
Project("{2150E333-8FDC-42A3-9474-1A3956D46DE8}") = "server", "server", "{DAD03CFC-D5FA-AC94-41C7-9ABAB326F09E}"
EndProject
Project("{FAE04EC0-301F-11D3-BF4B-00C04F79EFBC}") = "main", "server\main.csproj", "{995A2A4B-CFC3-4F78-A180-0EF9233A8FFC}"
EndProject
Global
	GlobalSection(SolutionConfigurationPlatforms) = preSolution
		Debug|Any CPU = Debug|Any CPU
		Debug|x64 = Debug|x64
		Debug|x86 = Debug|x86
		Release|Any CPU = Release|Any CPU
		Release|x64 = Release|x64
		Release|x86 = Release|x86
	EndGlobalSection
	GlobalSection(ProjectConfigurationPlatforms) = postSolution
		{9362E88F-66C0-4840-969D-8316A696FF08}.Debug|Any CPU.ActiveCfg = Debug|Any CPU
		{9362E88F-66C0-4840-969D-8316A696FF08}.Debug|Any CPU.Build.0 = Debug|Any CPU
		{9362E88F-66C0-4840-969D-8316A696FF08}.Debug|x64.ActiveCfg = Debug|Any CPU
		{9362E88F-66C0-4840-969D-8316A696FF08}.Debug|x64.Build.0 = Debug|Any CPU
		{9362E88F-66C0-4840-969D-8316A696FF08}.Debug|x86.ActiveCfg = Debug|Any CPU
		{9362E88F-66C0-4840-969D-8316A696FF08}.Debug|x86.Build.0 = Debug|Any CPU
		{9362E88F-66C0-4840-969D-8316A696FF08}.Release|Any CPU.ActiveCfg = Release|Any CPU
		{9362E88F-66C0-4840-969D-8316A696FF08}.Release|Any CPU.Build.0 = Release|Any CPU
		{9362E88F-66C0-4840-969D-8316A696FF08}.Release|x64.ActiveCfg = Release|Any CPU
		{9362E88F-66C0-4840-969D-8316A696FF08}.Release|x64.Build.0 = Release|Any CPU
		{9362E88F-66C0-4840-969D-8316A696FF08}.Release|x86.ActiveCfg = Release|Any CPU
		{9362E88F-66C0-4840-969D-8316A696FF08}.Release|x86.Build.0 = Release|Any CPU
		{995A2A4B-CFC3-4F78-A180-0EF9233A8FFC}.Debug|Any CPU.ActiveCfg = Debug|Any CPU
		{995A2A4B-CFC3-4F78-A180-0EF9233A8FFC}.Debug|Any CPU.Build.0 = Debug|Any CPU
		{995A2A4B-CFC3-4F78-A180-0EF9233A8FFC}.Debug|x64.ActiveCfg = Debug|Any CPU
		{995A2A4B-CFC3-4F78-A180-0EF9233A8FFC}.Debug|x64.Build.0 = Debug|Any CPU
		{995A2A4B-CFC3-4F78-A180-0EF9233A8FFC}.Debug|x86.ActiveCfg = Debug|Any CPU
		{995A2A4B-CFC3-4F78-A180-0EF9233A8FFC}.Debug|x86.Build.0 = Debug|Any CPU
		{995A2A4B-CFC3-4F78-A180-0EF9233A8FFC}.Release|Any CPU.ActiveCfg = Release|Any CPU
		{995A2A4B-CFC3-4F78-A180-0EF9233A8FFC}.Release|Any CPU.Build.0 = Release|Any CPU
		{995A2A4B-CFC3-4F78-A180-0EF9233A8FFC}.Release|x64.ActiveCfg = Release|Any CPU
		{995A2A4B-CFC3-4F78-A180-0EF9233A8FFC}.Release|x64.Build.0 = Release|Any CPU
		{995A2A4B-CFC3-4F78-A180-0EF9233A8FFC}.Release|x86.ActiveCfg = Release|Any CPU
		{995A2A4B-CFC3-4F78-A180-0EF9233A8FFC}.Release|x86.Build.0 = Release|Any CPU
	EndGlobalSection
	GlobalSection(SolutionProperties) = preSolution
		HideSolutionNode = FALSE
	EndGlobalSection
	GlobalSection(NestedProjects) = preSolution
		{995A2A4B-CFC3-4F78-A180-0EF9233A8FFC} = {DAD03CFC-D5FA-AC94-41C7-9ABAB326F09E}
	EndGlobalSection
EndGlobal
